
Microsoft Visual Studio Solution File, Format Version 12.00
# Visual Studio Version 17
VisualStudioVersion = 17.12.35514.174 d17.12
MinimumVisualStudioVersion = 10.0.40219.1
Project("{FAE04EC0-301F-11D3-BF4B-00C04F79EFBC}") = "XArch.PlatformManagement.CommandLine.Sample", "src\XArch.PlatformManagement.CommandLine.Sample\XArch.PlatformManagement.CommandLine.Sample.csproj", "{43F10A17-2A67-473E-9856-43044F903F00}"
EndProject
Project("{FAE04EC0-301F-11D3-BF4B-00C04F79EFBC}") = "XArch.PlatformManagement.CommandLine", "src\XArch.PlatformManagement.CommandLine\XArch.PlatformManagement.CommandLine.csproj", "{BB4556F0-7855-4731-A54A-2D75284D0C5E}"
EndProject
Global
	GlobalSection(SolutionConfigurationPlatforms) = preSolution
		Debug|Any CPU = Debug|Any CPU
		Release|Any CPU = Release|Any CPU
	EndGlobalSection
	GlobalSection(ProjectConfigurationPlatforms) = postSolution
		{43F10A17-2A67-473E-9856-43044F903F00}.Debug|Any CPU.ActiveCfg = Debug|Any CPU
		{43F10A17-2A67-473E-9856-43044F903F00}.Debug|Any CPU.Build.0 = Debug|Any CPU
		{43F10A17-2A67-473E-9856-43044F903F00}.Release|Any CPU.ActiveCfg = Release|Any CPU
		{43F10A17-2A67-473E-9856-43044F903F00}.Release|Any CPU.Build.0 = Release|Any CPU
		{BB4556F0-7855-4731-A54A-2D75284D0C5E}.Debug|Any CPU.ActiveCfg = Debug|Any CPU
		{BB4556F0-7855-4731-A54A-2D75284D0C5E}.Debug|Any CPU.Build.0 = Debug|Any CPU
		{BB4556F0-7855-4731-A54A-2D75284D0C5E}.Release|Any CPU.ActiveCfg = Release|Any CPU
		{BB4556F0-7855-4731-A54A-2D75284D0C5E}.Release|Any CPU.Build.0 = Release|Any CPU
	EndGlobalSection
	GlobalSection(SolutionProperties) = preSolution
		HideSolutionNode = FALSE
	EndGlobalSection
EndGlobal
