{
  "version": 2,
  "dependencies": {
    "net8.0": {
      "Microsoft.Build.Artifacts": {
        "type": "Direct",
        "requested": "[6.1.10, )",
        "resolved": "6.1.10",
        "contentHash": "7B6h7yAZ6RD4osQSaIUnmMZ96RXPHUzyCrK/kAYQjyTO2i71LjOAdR0HjSus7HRwYhi94f2iZ+f0qMO9b2ykkQ=="
      },
      "Microsoft.Extensions.DependencyInjection": {
        "type": "Direct",
        "requested": "[8.0.0, )",
        "resolved": "8.0.0",
        "contentHash": "V8S3bsm50ig6JSyrbcJJ8bW2b9QLGouz+G1miK3UTaOWmMtFwNNNzUf4AleyDWUmTrWMLNnFSLEQtxmxgNQnNQ==",
        "dependencies": {
          "Microsoft.Extensions.DependencyInjection.Abstractions": "8.0.0"
        }
      },
      "System.CommandLine": {
        "type": "Direct",
        "requested": "[2.0.0-beta4.22272.1, )",
        "resolved": "2.0.0-beta4.22272.1",
        "contentHash": "1uqED/q2H0kKoLJ4+hI2iPSBSEdTuhfCYADeJrAqERmiGQ2NNacYKRNEQ+gFbU4glgVyK8rxI+ZOe1onEtr/Pg=="
      },
      "YamlDotNet": {
        "type": "Direct",
        "requested": "[16.2.1, )",
        "resolved": "16.2.1",
        "contentHash": "im6zTVgesjcfTRfuMpnx51Rg2svWenp/3q5XBfcIzgj8PNIkkSD2xEl9HWcVi2SaJPP9XcXUdzed9gSDEuf1TA=="
      },
      "Microsoft.Extensions.DependencyInjection.Abstractions": {
        "type": "Transitive",
        "resolved": "8.0.0",
        "contentHash": "cjWrLkJXK0rs4zofsK4bSdg+jhDLTaxrkXu4gS6Y7MAlCvRyNNgwY/lJi5RDlQOnSZweHqoyvgvbdvQsRIW+hg=="
      },
      "xarch.commandline": {
        "type": "Project",
        "dependencies": {
          "Microsoft.Extensions.DependencyInjection": "[8.0.0, )",
          "System.CommandLine": "[2.0.0-beta4.22272.1, )",
          "System.Text.Json": "[8.0.5, )",
          "YamlDotNet": "[16.2.1, )"
        }
      },
      "System.Text.Json": {
        "type": "CentralTransitive",
        "requested": "[8.0.5, )",
        "resolved": "8.0.5",
        "contentHash": "0f1B50Ss7rqxXiaBJyzUu9bWFOO2/zSlifZ/UNMdiIpDYe4cY4LQQicP4nirK1OS31I43rn062UIJ1Q9bpmHpg=="
      }
    }
  }
}